
Microsoft Visual Studio Solution File, Format Version 12.00
# Visual Studio 2013
VisualStudioVersion = 12.0.31101.0
MinimumVisualStudioVersion = 10.0.40219.1
Project("{FAE04EC0-301F-11D3-BF4B-00C04F79EFBC}") = "NancyStack", "NancyStack\NancyStack.csproj", "{0742E6EF-268C-4D74-BB51-6E9E1737C158}"
EndProject
Project("{FAE04EC0-301F-11D3-BF4B-00C04F79EFBC}") = "NancyStack.Tests", "NancyStack.Tests\NancyStack.Tests.csproj", "{907E9E93-91A6-4D3E-A06E-315266A36349}"
EndProject
Project("{FAE04EC0-301F-11D3-BF4B-00C04F79EFBC}") = "NancyStack.Razor", "NancyStack.Razor\NancyStack.Razor.csproj", "{63BAD283-8402-4363-85E4-67EE0A1BD00D}"
EndProject
Project("{2150E333-8FDC-42A3-9474-1A3956D46DE8}") = ".nuget", ".nuget", "{2DECA1C4-B03F-4989-8CFB-B62B9605E761}"
	ProjectSection(SolutionItems) = preProject
		.nuget\packages.config = .nuget\packages.config
	EndProjectSection
EndProject
Project("{FAE04EC0-301F-11D3-BF4B-00C04F79EFBC}") = "NancyStack.Sample", "NancyStack.Sample\NancyStack.Sample.csproj", "{B4F9C525-5C56-440E-B4C2-972A33D7C8CD}"
EndProject
Global
	GlobalSection(SolutionConfigurationPlatforms) = preSolution
		Debug|Any CPU = Debug|Any CPU
		Release|Any CPU = Release|Any CPU
	EndGlobalSection
	GlobalSection(ProjectConfigurationPlatforms) = postSolution
		{0742E6EF-268C-4D74-BB51-6E9E1737C158}.Debug|Any CPU.ActiveCfg = Debug|Any CPU
		{0742E6EF-268C-4D74-BB51-6E9E1737C158}.Debug|Any CPU.Build.0 = Debug|Any CPU
		{0742E6EF-268C-4D74-BB51-6E9E1737C158}.Release|Any CPU.ActiveCfg = Release|Any CPU
		{0742E6EF-268C-4D74-BB51-6E9E1737C158}.Release|Any CPU.Build.0 = Release|Any CPU
		{907E9E93-91A6-4D3E-A06E-315266A36349}.Debug|Any CPU.ActiveCfg = Debug|Any CPU
		{907E9E93-91A6-4D3E-A06E-315266A36349}.Debug|Any CPU.Build.0 = Debug|Any CPU
		{907E9E93-91A6-4D3E-A06E-315266A36349}.Release|Any CPU.ActiveCfg = Release|Any CPU
		{907E9E93-91A6-4D3E-A06E-315266A36349}.Release|Any CPU.Build.0 = Release|Any CPU
		{63BAD283-8402-4363-85E4-67EE0A1BD00D}.Debug|Any CPU.ActiveCfg = Debug|Any CPU
		{63BAD283-8402-4363-85E4-67EE0A1BD00D}.Debug|Any CPU.Build.0 = Debug|Any CPU
		{63BAD283-8402-4363-85E4-67EE0A1BD00D}.Release|Any CPU.ActiveCfg = Release|Any CPU
		{63BAD283-8402-4363-85E4-67EE0A1BD00D}.Release|Any CPU.Build.0 = Release|Any CPU
		{B4F9C525-5C56-440E-B4C2-972A33D7C8CD}.Debug|Any CPU.ActiveCfg = Debug|Any CPU
		{B4F9C525-5C56-440E-B4C2-972A33D7C8CD}.Debug|Any CPU.Build.0 = Debug|Any CPU
		{B4F9C525-5C56-440E-B4C2-972A33D7C8CD}.Release|Any CPU.ActiveCfg = Release|Any CPU
		{B4F9C525-5C56-440E-B4C2-972A33D7C8CD}.Release|Any CPU.Build.0 = Release|Any CPU
	EndGlobalSection
	GlobalSection(SolutionProperties) = preSolution
		HideSolutionNode = FALSE
	EndGlobalSection
EndGlobal
